<?xml version="1.0" encoding="utf-8"?>
<Project ToolsVersion="4.0" xmlns="http://schemas.microsoft.com/developer/msbuild/2003">
  <ItemGroup>
    <Filter Include="Source Files">
      <UniqueIdentifier>{4FC737F1-C7A5-4376-A066-2A32D752A2FF}</UniqueIdentifier>
      <Extensions>cpp;c;cc;cxx;def;odl;idl;hpj;bat;asm;asmx</Extensions>
    </Filter>
    <Filter Include="Header Files">
      <UniqueIdentifier>{93995380-89BD-4b04-88EB-625FBE52EBFB}</UniqueIdentifier>
      <Extensions>h;hpp;hxx;hm;inl;inc;xsd</Extensions>
    </Filter>
    <Filter Include="Resource Files">
      <UniqueIdentifier>{67DA6AB6-F800-4c08-8B7A-83BB121AAD01}</UniqueIdentifier>
      <Extensions>rc;ico;cur;bmp;dlg;rc2;rct;bin;rgs;gif;jpg;jpeg;jpe;resx;tiff;tif;png;wav</Extensions>
    </Filter>
    <Filter Include="VideoSource">
      <UniqueIdentifier>{6e2aa44d-5e2c-4f7e-bab4-6aa79f362b5b}</UniqueIdentifier>
    </Filter>
    <Filter Include="VCAMeta">
      <UniqueIdentifier>{47d62c45-a4fb-4f9a-8b35-3ff933a4bf3a}</UniqueIdentifier>
    </Filter>
    <Filter Include="VCAMeta\ixml">
      <UniqueIdentifier>{39e3db46-ab53-48e0-89ee-e57260926576}</UniqueIdentifier>
    </Filter>
    <Filter Include="VCAMeta\ixml\inc">
      <UniqueIdentifier>{283fa725-57e2-4a40-a894-aac268956060}</UniqueIdentifier>
    </Filter>
    <Filter Include="VCAMeta\ixml\src">
      <UniqueIdentifier>{bedc2b87-956d-463a-ab34-38bd7a15457b}</UniqueIdentifier>
    </Filter>
    <Filter Include="VCAConfigure">
      <UniqueIdentifier>{d97de899-44cd-4b11-bb31-9a3f222c20d4}</UniqueIdentifier>
    </Filter>
  </ItemGroup>
  <ItemGroup>
    <ClCompile Include="GDIViewer.cpp">
      <Filter>Source Files</Filter>
    </ClCompile>
    <ClCompile Include="SimpleVCA.cpp">
      <Filter>Source Files</Filter>
    </ClCompile>
    <ClCompile Include="SimpleVCA_Win32.cpp">
      <Filter>Source Files</Filter>
    </ClCompile>
    <ClCompile Include="stdafx.cpp">
      <Filter>Source Files</Filter>
    </ClCompile>
    <ClCompile Include="VideoSourceUI.cpp">
      <Filter>Source Files</Filter>
    </ClCompile>
    <ClCompile Include="..\Common\VideoSource\AviDemux.cpp">
      <Filter>VideoSource</Filter>
    </ClCompile>
    <ClCompile Include="..\Common\VideoSource\Cap5System.cpp">
      <Filter>VideoSource</Filter>
    </ClCompile>
    <ClCompile Include="..\Common\VideoSource\Cap5VideoSource.cpp">
      <Filter>VideoSource</Filter>
    </ClCompile>
    <ClCompile Include="..\Common\VideoSource\CompressedVideoSource.cpp">
      <Filter>VideoSource</Filter>
    </ClCompile>
    <ClCompile Include="..\Common\VideoSource\DShowCap.cpp">
      <Filter>VideoSource</Filter>
    </ClCompile>
    <ClCompile Include="..\Common\VideoSource\DShowVideoSource.cpp">
      <Filter>VideoSource</Filter>
    </ClCompile>
    <ClCompile Include="..\Common\VideoSource\ImageDataQueue.cpp">
      <Filter>VideoSource</Filter>
    </ClCompile>
    <ClCompile Include="..\Common\VideoSource\RawFileVideoSource.cpp">
      <Filter>VideoSource</Filter>
    </ClCompile>
    <ClCompile Include="..\Common\VideoSource\StreamVideoSource.cpp">
      <Filter>VideoSource</Filter>
    </ClCompile>
    <ClCompile Include="..\Common\VideoSource\VCAVideoSource.cpp">
      <Filter>VideoSource</Filter>
    </ClCompile>
    <ClCompile Include="..\Common\VideoSource\VirtualVideoSource.cpp">
      <Filter>VideoSource</Filter>
    </ClCompile>
    <ClCompile Include="..\Common\VideoSource\YUVRec.cpp">
      <Filter>VideoSource</Filter>
    </ClCompile>
    <ClCompile Include="..\Common\VCAMetaLib.cpp">
      <Filter>VCAMeta</Filter>
    </ClCompile>
    <ClCompile Include="..\Common\VCAMetaParserIXML.cpp">
      <Filter>VCAMeta</Filter>
    </ClCompile>
    <ClCompile Include="..\Common\VCAMetaParserMSXML.cpp">
      <Filter>VCAMeta</Filter>
    </ClCompile>
    <ClCompile Include="..\Common\ixml\src\attr.c">
      <Filter>VCAMeta\ixml\src</Filter>
    </ClCompile>
    <ClCompile Include="..\Common\ixml\src\document.c">
      <Filter>VCAMeta\ixml\src</Filter>
    </ClCompile>
    <ClCompile Include="..\Common\ixml\src\element.c">
      <Filter>VCAMeta\ixml\src</Filter>
    </ClCompile>
    <ClCompile Include="..\Common\ixml\src\ixml.c">
      <Filter>VCAMeta\ixml\src</Filter>
    </ClCompile>
    <ClCompile Include="..\Common\ixml\src\ixmlmembuf.c">
      <Filter>VCAMeta\ixml\src</Filter>
    </ClCompile>
    <ClCompile Include="..\Common\ixml\src\ixmlparser.c">
      <Filter>VCAMeta\ixml\src</Filter>
    </ClCompile>
    <ClCompile Include="..\Common\ixml\src\namedNodeMap.c">
      <Filter>VCAMeta\ixml\src</Filter>
    </ClCompile>
    <ClCompile Include="..\Common\ixml\src\node.c">
      <Filter>VCAMeta\ixml\src</Filter>
    </ClCompile>
    <ClCompile Include="..\Common\ixml\src\nodeList.c">
      <Filter>VCAMeta\ixml\src</Filter>
    </ClCompile>
    <ClCompile Include="..\Common\VCAConfigure.cpp">
      <Filter>VCAConfigure</Filter>
    </ClCompile>
  </ItemGroup>
  <ItemGroup>
    <ClInclude Include="GDIViewer.h">
      <Filter>Header Files</Filter>
    </ClInclude>
    <ClInclude Include="Resource.h">
      <Filter>Header Files</Filter>
    </ClInclude>
    <ClInclude Include="SimpleVCA.h">
      <Filter>Header Files</Filter>
    </ClInclude>
    <ClInclude Include="SimpleVCA_Win32.h">
      <Filter>Header Files</Filter>
    </ClInclude>
    <ClInclude Include="stdafx.h">
      <Filter>Header Files</Filter>
    </ClInclude>
    <ClInclude Include="VideoSourceUI.h">
      <Filter>Header Files</Filter>
    </ClInclude>
    <ClInclude Include="..\Common\VideoSource\AviDemux.h">
      <Filter>VideoSource</Filter>
    </ClInclude>
    <ClInclude Include="..\Common\VideoSource\Cap5System.h">
      <Filter>VideoSource</Filter>
    </ClInclude>
    <ClInclude Include="..\Common\VideoSource\Cap5VideoSource.h">
      <Filter>VideoSource</Filter>
    </ClInclude>
    <ClInclude Include="..\Common\VideoSource\CompressedVideoSource.h">
      <Filter>VideoSource</Filter>
    </ClInclude>
    <ClInclude Include="..\Common\VideoSource\DShowCap.h">
      <Filter>VideoSource</Filter>
    </ClInclude>
    <ClInclude Include="..\Common\VideoSource\DShowVideoSource.h">
      <Filter>VideoSource</Filter>
    </ClInclude>
    <ClInclude Include="..\Common\VideoSource\ImageDataQueue.h">
      <Filter>VideoSource</Filter>
    </ClInclude>
    <ClInclude Include="..\Common\VideoSource\RawFileVideoSource.h">
      <Filter>VideoSource</Filter>
    </ClInclude>
    <ClInclude Include="..\Common\VideoSource\StreamVideoSource.h">
      <Filter>VideoSource</Filter>
    </ClInclude>
    <ClInclude Include="..\Common\VideoSource\VCAVideoSource.h">
      <Filter>VideoSource</Filter>
    </ClInclude>
    <ClInclude Include="..\Common\VideoSource\VirtualVideoSource.h">
      <Filter>VideoSource</Filter>
    </ClInclude>
    <ClInclude Include="..\Common\VideoSource\YUVRec.h">
      <Filter>VideoSource</Filter>
    </ClInclude>
    <ClInclude Include="..\Common\VCAMetaLib.h">
      <Filter>VCAMeta</Filter>
    </ClInclude>
    <ClInclude Include="..\Common\VCAMetaParserIXML.h">
      <Filter>VCAMeta</Filter>
    </ClInclude>
    <ClInclude Include="..\Common\VCAMetaParserMSXML.h">
      <Filter>VCAMeta</Filter>
    </ClInclude>
    <ClInclude Include="..\Common\ixml\inc\ixml.h">
      <Filter>VCAMeta\ixml\inc</Filter>
    </ClInclude>
    <ClInclude Include="..\Common\ixml\src\inc\ixmlmembuf.h">
      <Filter>VCAMeta\ixml\src</Filter>
    </ClInclude>
    <ClInclude Include="..\Common\ixml\src\inc\ixmlparser.h">
      <Filter>VCAMeta\ixml\src</Filter>
    </ClInclude>
    <ClInclude Include="..\Common\VCAConfigure.h">
      <Filter>VCAConfigure</Filter>
    </ClInclude>
    <ClInclude Include="..\Common\XMLUtils.h">
      <Filter>VCAConfigure</Filter>
    </ClInclude>
  </ItemGroup>
  <ItemGroup>
    <Image Include="SimpleVCA_Win32.ico">
      <Filter>Resource Files</Filter>
    </Image>
    <Image Include="small.ico">
      <Filter>Resource Files</Filter>
    </Image>
  </ItemGroup>
  <ItemGroup>
    <ResourceCompile Include="SimpleVCA_Win32.rc">
      <Filter>Resource Files</Filter>
    </ResourceCompile>
  </ItemGroup>
  <ItemGroup>
    <Text Include="ReadMe.txt" />
  </ItemGroup>
</Project>